<?xml version="1.0" encoding="utf-8"?>
<Project ToolsVersion="4.0" xmlns="http://schemas.microsoft.com/developer/msbuild/2003">
  <ItemGroup>
    <Filter Include="Source Files">
      <UniqueIdentifier>{4FC737F1-C7A5-4376-A066-2A32D752A2FF}</UniqueIdentifier>
      <Extensions>cpp;c;cc;cxx;def;odl;idl;hpj;bat;asm;asmx</Extensions>
    </Filter>
    <Filter Include="Header Files">
      <UniqueIdentifier>{93995380-89BD-4b04-88EB-625FBE52EBFB}</UniqueIdentifier>
      <Extensions>h;hpp;hxx;hm;inl;inc;xsd</Extensions>
    </Filter>
    <Filter Include="Resource Files">
      <UniqueIdentifier>{67DA6AB6-F800-4c08-8B7A-83BB121AAD01}</UniqueIdentifier>
      <Extensions>rc;ico;cur;bmp;dlg;rc2;rct;bin;rgs;gif;jpg;jpeg;jpe;resx;tiff;tif;png;wav;mfcribbon-ms</Extensions>
    </Filter>
  </ItemGroup>
  <ItemGroup>
    <None Include="BornoTSF.def">
      <Filter>Source Files</Filter>
    </None>
  </ItemGroup>
  <ItemGroup>
    <ClInclude Include="core\BornoTSF.h">
      <Filter>Header Files</Filter>
    </ClInclude>
    <ClInclude Include="core\BornoTSFBaseStructure.h">
      <Filter>Header Files</Filter>
    </ClInclude>
    <ClInclude Include="core\BornoTSFStructureArray.h">
      <Filter>Header Files</Filter>
    </ClInclude>
    <ClInclude Include="infra\Compartment.h">
      <Filter>Header Files</Filter>
    </ClInclude>
    <ClInclude Include="composition\CompositionProcessorEngine.h">
      <Filter>Header Files</Filter>
    </ClInclude>
    <ClInclude Include="core\Define.h">
      <Filter>Header Files</Filter>
    </ClInclude>
    <ClInclude Include="display\DisplayAttributeInfo.h">
      <Filter>Header Files</Filter>
    </ClInclude>
    <ClInclude Include="composition\EditSession.h">
      <Filter>Header Files</Filter>
    </ClInclude>
    <ClInclude Include="display\EnumDisplayAttributeInfo.h">
      <Filter>Header Files</Filter>
    </ClInclude>
    <ClInclude Include="core\Globals.h">
      <Filter>Header Files</Filter>
    </ClInclude>
    <ClInclude Include="composition\KeyHandlerEditSession.h">
      <Filter>Header Files</Filter>
    </ClInclude>
    <ClInclude Include="composition\KeyStateCategory.h">
      <Filter>Header Files</Filter>
    </ClInclude>
    <ClInclude Include="infra\LanguageBar.h">
      <Filter>Header Files</Filter>
    </ClInclude>
    <ClInclude Include="core\Private.h">
      <Filter>Header Files</Filter>
    </ClInclude>
    <ClInclude Include="storage\RegKey.h">
      <Filter>Header Files</Filter>
    </ClInclude>
    <ClInclude Include="resource.h">
      <Filter>Header Files</Filter>
    </ClInclude>
    <ClInclude Include="core\Settings.h">
      <Filter>Header Files</Filter>
    </ClInclude>
    <ClInclude Include="core\stdafx.h">
      <Filter>Header Files</Filter>
    </ClInclude>
    <ClInclude Include="infra\TfInputProcessorProfile.h">
      <Filter>Header Files</Filter>
    </ClInclude>
    <ClInclude Include="layoutParsers\Transliterators\AutoCorrectMap.hpp">
      <Filter>Header Files</Filter>
    </ClInclude>
    <ClInclude Include="layoutParsers\Transliterators\AvroPhonetic.hpp">
      <Filter>Header Files</Filter>
    </ClInclude>
    <ClInclude Include="layoutParsers\Transliterators\BornoPhonetic.hpp">
      <Filter>Header Files</Filter>
    </ClInclude>
    <ClInclude Include="layoutParsers\Transliterators\Khipro.h">
      <Filter>Header Files</Filter>
    </ClInclude>
    <ClInclude Include="layoutParsers\Layouts\National.h">
      <Filter>Header Files</Filter>
    </ClInclude>
    <ClInclude Include="layoutParsers\Layouts\Probhat.h">
      <Filter>Header Files</Filter>
    </ClInclude>
    <ClInclude Include="layoutParsers\khipro-port\mim_engine.h">
      <Filter>Header Files</Filter>
    </ClInclude>
    <ClInclude Include="storage\DictionaryLoader.h">
      <Filter>Header Files</Filter>
    </ClInclude>
    <ClInclude Include="display\CandidateWindow.h">
      <Filter>Header Files</Filter>
    </ClInclude>
  </ItemGroup>
  <ItemGroup>
    <ClCompile Include="infra\ActiveLanguageProfileNotifySink.cpp">
      <Filter>Source Files</Filter>
    </ClCompile>
    <ClCompile Include="core\BornoTSF.cpp">
      <Filter>Source Files</Filter>
    </ClCompile>
    <ClCompile Include="core\BornoTSFBaseStructure.cpp">
      <Filter>Source Files</Filter>
    </ClCompile>
    <ClCompile Include="infra\Compartment.cpp">
      <Filter>Source Files</Filter>
    </ClCompile>
    <ClCompile Include="composition\Composition.cpp">
      <Filter>Source Files</Filter>
    </ClCompile>
    <ClCompile Include="composition\CompositionProcessorEngine.cpp">
      <Filter>Source Files</Filter>
    </ClCompile>
    <ClCompile Include="display\DisplayAttribute.cpp">
      <Filter>Source Files</Filter>
    </ClCompile>
    <ClCompile Include="display\DisplayAttributeInfo.cpp">
      <Filter>Source Files</Filter>
    </ClCompile>
    <ClCompile Include="display\DisplayAttributeProvider.cpp">
      <Filter>Source Files</Filter>
    </ClCompile>
    <ClCompile Include="DllMain.cpp">
      <Filter>Source Files</Filter>
    </ClCompile>
    <ClCompile Include="composition\EditSession.cpp">
      <Filter>Source Files</Filter>
    </ClCompile>
    <ClCompile Include="composition\EndComposition.cpp">
      <Filter>Source Files</Filter>
    </ClCompile>
    <ClCompile Include="display\EnumDisplayAttributeInfo.cpp">
      <Filter>Source Files</Filter>
    </ClCompile>
    <ClCompile Include="infra\FunctionProviderSink.cpp">
      <Filter>Source Files</Filter>
    </ClCompile>
    <ClCompile Include="core\Globals.cpp">
      <Filter>Source Files</Filter>
    </ClCompile>
    <ClCompile Include="composition\KeyEventSink.cpp">
      <Filter>Source Files</Filter>
    </ClCompile>
    <ClCompile Include="composition\KeyHandler.cpp">
      <Filter>Source Files</Filter>
    </ClCompile>
    <ClCompile Include="composition\KeyHandlerEditSession.cpp">
      <Filter>Source Files</Filter>
    </ClCompile>
    <ClCompile Include="composition\KeyStateCategory.cpp">
      <Filter>Source Files</Filter>
    </ClCompile>
    <ClCompile Include="infra\LanguageBar.cpp">
      <Filter>Source Files</Filter>
    </ClCompile>
    <ClCompile Include="Register.cpp">
      <Filter>Source Files</Filter>
    </ClCompile>
    <ClCompile Include="storage\RegKey.cpp">
      <Filter>Source Files</Filter>
    </ClCompile>
    <ClCompile Include="storage\DictionaryLoader.cpp">
      <Filter>Source Files</Filter>
    </ClCompile>
    <ClCompile Include="display\CandidateWindow.cpp">
      <Filter>Source Files</Filter>
    </ClCompile>
    <ClCompile Include="infra\Server.cpp">
      <Filter>Source Files</Filter>
    </ClCompile>
    <ClCompile Include="composition\StartComposition.cpp">
      <Filter>Source Files</Filter>
    </ClCompile>
    <ClCompile Include="infra\TextEditSink.cpp">
      <Filter>Source Files</Filter>
    </ClCompile>
    <ClCompile Include="infra\TfInputProcessorProfile.cpp">
      <Filter>Source Files</Filter>
    </ClCompile>
    <ClCompile Include="infra\ThreadFocusSink.cpp">
      <Filter>Source Files</Filter>
    </ClCompile>
    <ClCompile Include="infra\ThreadMgrEventSink.cpp">
      <Filter>Source Files</Filter>
    </ClCompile>
    <ClCompile Include="layoutParsers\Transliterators\Khipro.cpp">
      <Filter>Source Files</Filter>
    </ClCompile>
    <ClCompile Include="layoutParsers\Layouts\National.cpp">
      <Filter>Source Files</Filter>
    </ClCompile>
    <ClCompile Include="layoutParsers\Layouts\Probhat.cpp">
      <Filter>Source Files</Filter>
    </ClCompile>
    <ClCompile Include="layoutParsers\khipro-port\mim_engine.cpp">
      <Filter>Source Files</Filter>
    </ClCompile>
  </ItemGroup>
  <ItemGroup>
    <ResourceCompile Include="BornoTSF.rc">
      <Filter>Resource Files</Filter>
    </ResourceCompile>
  </ItemGroup>
</Project>
